
Microsoft Visual Studio Solution File, Format Version 12.00
# Visual Studio Version 17
VisualStudioVersion = 17.7.34031.279
MinimumVisualStudioVersion = 10.0.40219.1
Project("{FAE04EC0-301F-11D3-BF4B-00C04F79EFBC}") = "UnitTestExample", "UnitTestExample\UnitTestExample.csproj", "{F1FBDBB6-FEBA-421B-A647-484ED380E500}"
EndProject
Project("{F184B08F-C81C-45F6-A57F-5ABD9991F28F}") = "UnitTestExample.Test", "UnitTestExample.Test\UnitTestExample.Test.vbproj", "{92EE794F-BC7D-4ACE-8DEC-CA64C7F17632}"
EndProject
Project("{FAE04EC0-301F-11D3-BF4B-00C04F79EFBC}") = "UnitTestExample.TestC", "UnitTestExample.TestC\UnitTestExample.TestC.csproj", "{614FE6F1-426E-4B25-A475-58D2528C98D1}"
EndProject
Global
	GlobalSection(SolutionConfigurationPlatforms) = preSolution
		Debug|Any CPU = Debug|Any CPU
		Release|Any CPU = Release|Any CPU
	EndGlobalSection
	GlobalSection(ProjectConfigurationPlatforms) = postSolution
		{F1FBDBB6-FEBA-421B-A647-484ED380E500}.Debug|Any CPU.ActiveCfg = Debug|Any CPU
		{F1FBDBB6-FEBA-421B-A647-484ED380E500}.Debug|Any CPU.Build.0 = Debug|Any CPU
		{F1FBDBB6-FEBA-421B-A647-484ED380E500}.Release|Any CPU.ActiveCfg = Release|Any CPU
		{F1FBDBB6-FEBA-421B-A647-484ED380E500}.Release|Any CPU.Build.0 = Release|Any CPU
		{92EE794F-BC7D-4ACE-8DEC-CA64C7F17632}.Debug|Any CPU.ActiveCfg = Debug|Any CPU
		{92EE794F-BC7D-4ACE-8DEC-CA64C7F17632}.Debug|Any CPU.Build.0 = Debug|Any CPU
		{92EE794F-BC7D-4ACE-8DEC-CA64C7F17632}.Release|Any CPU.ActiveCfg = Release|Any CPU
		{92EE794F-BC7D-4ACE-8DEC-CA64C7F17632}.Release|Any CPU.Build.0 = Release|Any CPU
		{614FE6F1-426E-4B25-A475-58D2528C98D1}.Debug|Any CPU.ActiveCfg = Debug|Any CPU
		{614FE6F1-426E-4B25-A475-58D2528C98D1}.Debug|Any CPU.Build.0 = Debug|Any CPU
		{614FE6F1-426E-4B25-A475-58D2528C98D1}.Release|Any CPU.ActiveCfg = Release|Any CPU
		{614FE6F1-426E-4B25-A475-58D2528C98D1}.Release|Any CPU.Build.0 = Release|Any CPU
	EndGlobalSection
	GlobalSection(SolutionProperties) = preSolution
		HideSolutionNode = FALSE
	EndGlobalSection
	GlobalSection(ExtensibilityGlobals) = postSolution
		SolutionGuid = {FB0BD8FA-B3FD-406B-9751-9D4266A13E69}
	EndGlobalSection
EndGlobal
