
Microsoft Visual Studio Solution File, Format Version 12.00
# Visual Studio Version 17
VisualStudioVersion = 17.6.33815.320
MinimumVisualStudioVersion = 10.0.40219.1
Project("{FAE04EC0-301F-11D3-BF4B-00C04F79EFBC}") = "gyak4", "gyak4\gyak4.csproj", "{FF4A178C-A98C-4B99-8A77-2EDD4F45D26D}"
EndProject
Global
	GlobalSection(SolutionConfigurationPlatforms) = preSolution
		Debug|Any CPU = Debug|Any CPU
		Release|Any CPU = Release|Any CPU
	EndGlobalSection
	GlobalSection(ProjectConfigurationPlatforms) = postSolution
		{FF4A178C-A98C-4B99-8A77-2EDD4F45D26D}.Debug|Any CPU.ActiveCfg = Debug|Any CPU
		{FF4A178C-A98C-4B99-8A77-2EDD4F45D26D}.Debug|Any CPU.Build.0 = Debug|Any CPU
		{FF4A178C-A98C-4B99-8A77-2EDD4F45D26D}.Release|Any CPU.ActiveCfg = Release|Any CPU
		{FF4A178C-A98C-4B99-8A77-2EDD4F45D26D}.Release|Any CPU.Build.0 = Release|Any CPU
	EndGlobalSection
	GlobalSection(SolutionProperties) = preSolution
		HideSolutionNode = FALSE
	EndGlobalSection
	GlobalSection(ExtensibilityGlobals) = postSolution
		SolutionGuid = {28101C6B-930F-4AF6-8B64-EBAF176A0B3A}
	EndGlobalSection
EndGlobal
